{
  "name": "threejs-camera-controller-first-person-desktop",
  "version": "6.0.0",
  "lockfileVersion": 1,
  "requires": true,
  "dependencies": {
    "browser-event-adder": {
      "version": "1.0.1",
      "resolved": "https://registry.npmjs.org/browser-event-adder/-/browser-event-adder-1.0.1.tgz",
      "integrity": "sha1-Zh1epnnzyyCHpTuNVsJhZii6At0="
    },
    "defined": {
      "version": "0.0.0",
      "resolved": "https://registry.npmjs.org/defined/-/defined-0.0.0.tgz",
      "integrity": "sha1-817qfXBekzuvE7LwOz+D2SFAOz4="
    },
    "fullscreen": {
      "version": "0.0.1",
      "resolved": "https://registry.npmjs.org/fullscreen/-/fullscreen-0.0.1.tgz",
      "integrity": "sha1-o2jH9tTV0OpV8CHJJsrlWDcL8E8="
    },
    "game-keyboard": {
      "version": "0.0.0",
      "resolved": "https://registry.npmjs.org/game-keyboard/-/game-keyboard-0.0.0.tgz",
      "integrity": "sha1-PggKy7OtVgYSl9ZJSkzhdOuLzHI="
    },
    "input-mousewheel": {
      "version": "2.0.1",
      "resolved": "https://registry.npmjs.org/input-mousewheel/-/input-mousewheel-2.0.1.tgz",
      "integrity": "sha1-i4SnCMLC8iDFI+FI+sNLi+LTcqo=",
      "requires": {
        "browser-event-adder": "1.0.1",
        "signals": "1.0.0"
      }
    },
    "input-resize": {
      "version": "2.1.1",
      "resolved": "https://registry.npmjs.org/input-resize/-/input-resize-2.1.1.tgz",
      "integrity": "sha1-aMPVWZyEt8C8rf1Pk17DaOvxAMc=",
      "dev": true,
      "requires": {
        "browser-event-adder": "1.0.1",
        "signals": "1.0.0"
      }
    },
    "loadandrunscripts": {
      "version": "1.0.0",
      "resolved": "https://registry.npmjs.org/loadandrunscripts/-/loadandrunscripts-1.0.0.tgz",
      "integrity": "sha1-C8rG/fu9Xb7eXPr5IJx7TROrLek=",
      "dev": true
    },
    "lodash.defaults": {
      "version": "4.2.0",
      "resolved": "https://registry.npmjs.org/lodash.defaults/-/lodash.defaults-4.2.0.tgz",
      "integrity": "sha1-0JF4cW/+pN3p5ft7N/bwgCJ0WAw=",
      "dev": true
    },
    "pointer-lock-chrome-tolerant": {
      "version": "0.0.7",
      "resolved": "https://registry.npmjs.org/pointer-lock-chrome-tolerant/-/pointer-lock-chrome-tolerant-0.0.7.tgz",
      "integrity": "sha1-LKWEtiHojlh3WFTm90eaB4tSW98="
    },
    "pointer-trap-relative": {
      "version": "1.3.0",
      "resolved": "https://registry.npmjs.org/pointer-trap-relative/-/pointer-trap-relative-1.3.0.tgz",
      "integrity": "sha1-/YLi/HDGsDk/QHB0kRo4HWTAHa8=",
      "requires": {
        "fullscreen": "0.0.1",
        "pointer-lock-chrome-tolerant": "0.0.7",
        "signals": "1.0.0",
        "through": "2.3.8"
      }
    },
    "signals": {
      "version": "1.0.0",
      "resolved": "https://registry.npmjs.org/signals/-/signals-1.0.0.tgz",
      "integrity": "sha1-ZfDBWZNSs1Ny7KrlolDmEHN27Wk="
    },
    "three": {
      "version": "0.94.0",
      "resolved": "https://registry.npmjs.org/three/-/three-0.94.0.tgz",
      "integrity": "sha1-TObbfyv795wtc0RKpuPPwIoy12I="
    },
    "threejs-managed-view": {
      "version": "7.0.0",
      "resolved": "https://registry.npmjs.org/threejs-managed-view/-/threejs-managed-view-7.0.0.tgz",
      "integrity": "sha512-Nozr7v/6G22Utn5i4OHf/qbGaD1tznfvHerExoqxvtPe4qXSD+PCSQWzRH7irsQrvs1+8W1SuzpFT1e+eof34A==",
      "dev": true,
      "requires": {
        "browser-event-adder": "1.0.1",
        "input-resize": "2.1.1",
        "lodash.defaults": "4.2.0",
        "signals": "1.0.0",
        "three": "0.94.0"
      }
    },
    "through": {
      "version": "2.3.8",
      "resolved": "https://registry.npmjs.org/through/-/through-2.3.8.tgz",
      "integrity": "sha1-DdTJ/6q8NXlgsbckEV1+Doai4fU="
    }
  }
}
